
Microsoft Visual Studio Solution File, Format Version 12.00
# Visual Studio Version 17
VisualStudioVersion = 17.5.002.0
MinimumVisualStudioVersion = 10.0.40219.1
Project("{9A19103F-16F7-4668-BE54-9A1E7A4F7556}") = "Final", "Final\Final.csproj", "{CD2659BA-27C6-4563-9130-EC7BF1455B66}"
EndProject
Project("{9A19103F-16F7-4668-BE54-9A1E7A4F7556}") = "Starter", "Starter\Starter.csproj", "{AD1710C3-68E3-425E-ABE8-903A0BFA19A2}"
EndProject
Global
	GlobalSection(SolutionConfigurationPlatforms) = preSolution
		Debug|Any CPU = Debug|Any CPU
		Release|Any CPU = Release|Any CPU
	EndGlobalSection
	GlobalSection(ProjectConfigurationPlatforms) = postSolution
		{CD2659BA-27C6-4563-9130-EC7BF1455B66}.Debug|Any CPU.ActiveCfg = Debug|Any CPU
		{CD2659BA-27C6-4563-9130-EC7BF1455B66}.Debug|Any CPU.Build.0 = Debug|Any CPU
		{CD2659BA-27C6-4563-9130-EC7BF1455B66}.Release|Any CPU.ActiveCfg = Release|Any CPU
		{CD2659BA-27C6-4563-9130-EC7BF1455B66}.Release|Any CPU.Build.0 = Release|Any CPU
		{AD1710C3-68E3-425E-ABE8-903A0BFA19A2}.Debug|Any CPU.ActiveCfg = Debug|Any CPU
		{AD1710C3-68E3-425E-ABE8-903A0BFA19A2}.Debug|Any CPU.Build.0 = Debug|Any CPU
		{AD1710C3-68E3-425E-ABE8-903A0BFA19A2}.Release|Any CPU.ActiveCfg = Release|Any CPU
		{AD1710C3-68E3-425E-ABE8-903A0BFA19A2}.Release|Any CPU.Build.0 = Release|Any CPU
	EndGlobalSection
	GlobalSection(SolutionProperties) = preSolution
		HideSolutionNode = FALSE
	EndGlobalSection
	GlobalSection(ExtensibilityGlobals) = postSolution
		SolutionGuid = {BC332AF7-B33E-44D1-BF58-D9B67BCD2502}
	EndGlobalSection
EndGlobal
